
Microsoft Visual Studio Solution File, Format Version 12.00
# Visual Studio 2013
VisualStudioVersion = 12.0.31101.0
MinimumVisualStudioVersion = 10.0.40219.1
Project("{FAE04EC0-301F-11D3-BF4B-00C04F79EFBC}") = "Architecture.Web", "Architecture.Web\Architecture.Web.csproj", "{9CC3E5B7-AE29-42B3-B04C-B769D4A9B5C4}"
EndProject
Project("{FAE04EC0-301F-11D3-BF4B-00C04F79EFBC}") = "Architecture.Web.Tests", "Architecture.Web.Tests\Architecture.Web.Tests.csproj", "{CAC90FEB-96A2-47FA-8075-33405D50AFF1}"
EndProject
Project("{FAE04EC0-301F-11D3-BF4B-00C04F79EFBC}") = "Architecture.Data", "Architecture.Data\Architecture.Data.csproj", "{B1A98182-80EB-4256-936E-3AEC0D927CA6}"
EndProject
Project("{FAE04EC0-301F-11D3-BF4B-00C04F79EFBC}") = "Architecture.Entities", "Architecture.Entities\Architecture.Entities.csproj", "{11C943F8-1E60-4B59-A7BC-E943C764E3A8}"
EndProject
Project("{FAE04EC0-301F-11D3-BF4B-00C04F79EFBC}") = "Architecture.Service", "Architecture.Service\Architecture.Service.csproj", "{5C3DAAC1-D789-4546-A66D-40636D368271}"
EndProject
Project("{FAE04EC0-301F-11D3-BF4B-00C04F79EFBC}") = "Architecture.Web.Core", "Architecture.Web.Core\Architecture.Web.Core.csproj", "{4741DAD8-79AD-41AB-B40F-13D6230D13CA}"
EndProject
Global
	GlobalSection(SolutionConfigurationPlatforms) = preSolution
		Debug|Any CPU = Debug|Any CPU
		Release|Any CPU = Release|Any CPU
	EndGlobalSection
	GlobalSection(ProjectConfigurationPlatforms) = postSolution
		{9CC3E5B7-AE29-42B3-B04C-B769D4A9B5C4}.Debug|Any CPU.ActiveCfg = Debug|Any CPU
		{9CC3E5B7-AE29-42B3-B04C-B769D4A9B5C4}.Debug|Any CPU.Build.0 = Debug|Any CPU
		{9CC3E5B7-AE29-42B3-B04C-B769D4A9B5C4}.Release|Any CPU.ActiveCfg = Release|Any CPU
		{9CC3E5B7-AE29-42B3-B04C-B769D4A9B5C4}.Release|Any CPU.Build.0 = Release|Any CPU
		{CAC90FEB-96A2-47FA-8075-33405D50AFF1}.Debug|Any CPU.ActiveCfg = Debug|Any CPU
		{CAC90FEB-96A2-47FA-8075-33405D50AFF1}.Debug|Any CPU.Build.0 = Debug|Any CPU
		{CAC90FEB-96A2-47FA-8075-33405D50AFF1}.Release|Any CPU.ActiveCfg = Release|Any CPU
		{CAC90FEB-96A2-47FA-8075-33405D50AFF1}.Release|Any CPU.Build.0 = Release|Any CPU
		{B1A98182-80EB-4256-936E-3AEC0D927CA6}.Debug|Any CPU.ActiveCfg = Debug|Any CPU
		{B1A98182-80EB-4256-936E-3AEC0D927CA6}.Debug|Any CPU.Build.0 = Debug|Any CPU
		{B1A98182-80EB-4256-936E-3AEC0D927CA6}.Release|Any CPU.ActiveCfg = Release|Any CPU
		{B1A98182-80EB-4256-936E-3AEC0D927CA6}.Release|Any CPU.Build.0 = Release|Any CPU
		{11C943F8-1E60-4B59-A7BC-E943C764E3A8}.Debug|Any CPU.ActiveCfg = Debug|Any CPU
		{11C943F8-1E60-4B59-A7BC-E943C764E3A8}.Debug|Any CPU.Build.0 = Debug|Any CPU
		{11C943F8-1E60-4B59-A7BC-E943C764E3A8}.Release|Any CPU.ActiveCfg = Release|Any CPU
		{11C943F8-1E60-4B59-A7BC-E943C764E3A8}.Release|Any CPU.Build.0 = Release|Any CPU
		{5C3DAAC1-D789-4546-A66D-40636D368271}.Debug|Any CPU.ActiveCfg = Debug|Any CPU
		{5C3DAAC1-D789-4546-A66D-40636D368271}.Debug|Any CPU.Build.0 = Debug|Any CPU
		{5C3DAAC1-D789-4546-A66D-40636D368271}.Release|Any CPU.ActiveCfg = Release|Any CPU
		{5C3DAAC1-D789-4546-A66D-40636D368271}.Release|Any CPU.Build.0 = Release|Any CPU
		{4741DAD8-79AD-41AB-B40F-13D6230D13CA}.Debug|Any CPU.ActiveCfg = Debug|Any CPU
		{4741DAD8-79AD-41AB-B40F-13D6230D13CA}.Debug|Any CPU.Build.0 = Debug|Any CPU
		{4741DAD8-79AD-41AB-B40F-13D6230D13CA}.Release|Any CPU.ActiveCfg = Release|Any CPU
		{4741DAD8-79AD-41AB-B40F-13D6230D13CA}.Release|Any CPU.Build.0 = Release|Any CPU
	EndGlobalSection
	GlobalSection(SolutionProperties) = preSolution
		HideSolutionNode = FALSE
	EndGlobalSection
EndGlobal
